
Microsoft Visual Studio Solution File, Format Version 12.00
# Visual Studio Version 16
VisualStudioVersion = 16.0.31205.134
MinimumVisualStudioVersion = 10.0.40219.1
Project("{FAE04EC0-301F-11D3-BF4B-00C04F79EFBC}") = "PB-Task", "PB-Task\PB-Task.csproj", "{1FB747B4-2B25-403E-B070-FD1A2BD3FA20}"
EndProject
Global
	GlobalSection(SolutionConfigurationPlatforms) = preSolution
		Debug|Any CPU = Debug|Any CPU
		Release|Any CPU = Release|Any CPU
	EndGlobalSection
	GlobalSection(ProjectConfigurationPlatforms) = postSolution
		{1FB747B4-2B25-403E-B070-FD1A2BD3FA20}.Debug|Any CPU.ActiveCfg = Debug|Any CPU
		{1FB747B4-2B25-403E-B070-FD1A2BD3FA20}.Debug|Any CPU.Build.0 = Debug|Any CPU
		{1FB747B4-2B25-403E-B070-FD1A2BD3FA20}.Release|Any CPU.ActiveCfg = Release|Any CPU
		{1FB747B4-2B25-403E-B070-FD1A2BD3FA20}.Release|Any CPU.Build.0 = Release|Any CPU
	EndGlobalSection
	GlobalSection(SolutionProperties) = preSolution
		HideSolutionNode = FALSE
	EndGlobalSection
	GlobalSection(ExtensibilityGlobals) = postSolution
		SolutionGuid = {F3559733-D263-48F5-81E2-BC517F052F67}
	EndGlobalSection
EndGlobal
